
Microsoft Visual Studio Solution File, Format Version 12.00
# Visual Studio Version 16
VisualStudioVersion = 16.0.30523.141
MinimumVisualStudioVersion = 10.0.40219.1
Project("{FAE04EC0-301F-11D3-BF4B-00C04F79EFBC}") = "doStatement1", "doStatement1\doStatement1.csproj", "{ECB0F36F-8BB1-49E3-8FA6-49BE459276F0}"
EndProject
Global
	GlobalSection(SolutionConfigurationPlatforms) = preSolution
		Debug|Any CPU = Debug|Any CPU
		Release|Any CPU = Release|Any CPU
	EndGlobalSection
	GlobalSection(ProjectConfigurationPlatforms) = postSolution
		{ECB0F36F-8BB1-49E3-8FA6-49BE459276F0}.Debug|Any CPU.ActiveCfg = Debug|Any CPU
		{ECB0F36F-8BB1-49E3-8FA6-49BE459276F0}.Debug|Any CPU.Build.0 = Debug|Any CPU
		{ECB0F36F-8BB1-49E3-8FA6-49BE459276F0}.Release|Any CPU.ActiveCfg = Release|Any CPU
		{ECB0F36F-8BB1-49E3-8FA6-49BE459276F0}.Release|Any CPU.Build.0 = Release|Any CPU
	EndGlobalSection
	GlobalSection(SolutionProperties) = preSolution
		HideSolutionNode = FALSE
	EndGlobalSection
	GlobalSection(ExtensibilityGlobals) = postSolution
		SolutionGuid = {4723EF00-3B72-470B-A881-80FDFF048D54}
	EndGlobalSection
EndGlobal
