
Microsoft Visual Studio Solution File, Format Version 12.00
# Visual Studio Version 16
VisualStudioVersion = 16.0.30523.141
MinimumVisualStudioVersion = 10.0.40219.1
Project("{FAE04EC0-301F-11D3-BF4B-00C04F79EFBC}") = "MultipleProject1", "MultipleProject1\MultipleProject1.csproj", "{2098596F-CBD7-49E6-A6E6-04CBBF9DC9D3}"
EndProject
Project("{FAE04EC0-301F-11D3-BF4B-00C04F79EFBC}") = "AddNewProject1", "AddNewProject1\AddNewProject1.csproj", "{33DFEA9D-05D7-49D5-BD5F-75F483855268}"
EndProject
Project("{FAE04EC0-301F-11D3-BF4B-00C04F79EFBC}") = "AddNewProject2", "AddNewProject2\AddNewProject2.csproj", "{8644C2D1-4123-48D6-8B72-638A51E234CA}"
EndProject
Global
	GlobalSection(SolutionConfigurationPlatforms) = preSolution
		Debug|Any CPU = Debug|Any CPU
		Release|Any CPU = Release|Any CPU
	EndGlobalSection
	GlobalSection(ProjectConfigurationPlatforms) = postSolution
		{2098596F-CBD7-49E6-A6E6-04CBBF9DC9D3}.Debug|Any CPU.ActiveCfg = Debug|Any CPU
		{2098596F-CBD7-49E6-A6E6-04CBBF9DC9D3}.Debug|Any CPU.Build.0 = Debug|Any CPU
		{2098596F-CBD7-49E6-A6E6-04CBBF9DC9D3}.Release|Any CPU.ActiveCfg = Release|Any CPU
		{2098596F-CBD7-49E6-A6E6-04CBBF9DC9D3}.Release|Any CPU.Build.0 = Release|Any CPU
		{33DFEA9D-05D7-49D5-BD5F-75F483855268}.Debug|Any CPU.ActiveCfg = Debug|Any CPU
		{33DFEA9D-05D7-49D5-BD5F-75F483855268}.Debug|Any CPU.Build.0 = Debug|Any CPU
		{33DFEA9D-05D7-49D5-BD5F-75F483855268}.Release|Any CPU.ActiveCfg = Release|Any CPU
		{33DFEA9D-05D7-49D5-BD5F-75F483855268}.Release|Any CPU.Build.0 = Release|Any CPU
		{8644C2D1-4123-48D6-8B72-638A51E234CA}.Debug|Any CPU.ActiveCfg = Debug|Any CPU
		{8644C2D1-4123-48D6-8B72-638A51E234CA}.Debug|Any CPU.Build.0 = Debug|Any CPU
		{8644C2D1-4123-48D6-8B72-638A51E234CA}.Release|Any CPU.ActiveCfg = Release|Any CPU
		{8644C2D1-4123-48D6-8B72-638A51E234CA}.Release|Any CPU.Build.0 = Release|Any CPU
	EndGlobalSection
	GlobalSection(SolutionProperties) = preSolution
		HideSolutionNode = FALSE
	EndGlobalSection
	GlobalSection(ExtensibilityGlobals) = postSolution
		SolutionGuid = {54FE3DE2-9F75-4E81-9795-2BAED391BEB4}
	EndGlobalSection
EndGlobal
