
Microsoft Visual Studio Solution File, Format Version 12.00
# Visual Studio Version 16
VisualStudioVersion = 16.0.30611.23
MinimumVisualStudioVersion = 10.0.40219.1
Project("{FAE04EC0-301F-11D3-BF4B-00C04F79EFBC}") = "Object2", "Object2\Object2.csproj", "{E2AF4783-F5A8-4492-AE95-2BFCB33691D2}"
EndProject
Global
	GlobalSection(SolutionConfigurationPlatforms) = preSolution
		Debug|Any CPU = Debug|Any CPU
		Release|Any CPU = Release|Any CPU
	EndGlobalSection
	GlobalSection(ProjectConfigurationPlatforms) = postSolution
		{E2AF4783-F5A8-4492-AE95-2BFCB33691D2}.Debug|Any CPU.ActiveCfg = Debug|Any CPU
		{E2AF4783-F5A8-4492-AE95-2BFCB33691D2}.Debug|Any CPU.Build.0 = Debug|Any CPU
		{E2AF4783-F5A8-4492-AE95-2BFCB33691D2}.Release|Any CPU.ActiveCfg = Release|Any CPU
		{E2AF4783-F5A8-4492-AE95-2BFCB33691D2}.Release|Any CPU.Build.0 = Release|Any CPU
	EndGlobalSection
	GlobalSection(SolutionProperties) = preSolution
		HideSolutionNode = FALSE
	EndGlobalSection
	GlobalSection(ExtensibilityGlobals) = postSolution
		SolutionGuid = {AE682FC0-C848-4E79-8799-A3F5935F536F}
	EndGlobalSection
EndGlobal
