
Microsoft Visual Studio Solution File, Format Version 12.00
# Visual Studio Version 16
VisualStudioVersion = 16.0.30611.23
MinimumVisualStudioVersion = 10.0.40219.1
Project("{FAE04EC0-301F-11D3-BF4B-00C04F79EFBC}") = "Object1", "Object1\Object1.csproj", "{DF0F28B4-EBB9-4FB5-AB4F-0957F4B5F43E}"
EndProject
Global
	GlobalSection(SolutionConfigurationPlatforms) = preSolution
		Debug|Any CPU = Debug|Any CPU
		Release|Any CPU = Release|Any CPU
	EndGlobalSection
	GlobalSection(ProjectConfigurationPlatforms) = postSolution
		{DF0F28B4-EBB9-4FB5-AB4F-0957F4B5F43E}.Debug|Any CPU.ActiveCfg = Debug|Any CPU
		{DF0F28B4-EBB9-4FB5-AB4F-0957F4B5F43E}.Debug|Any CPU.Build.0 = Debug|Any CPU
		{DF0F28B4-EBB9-4FB5-AB4F-0957F4B5F43E}.Release|Any CPU.ActiveCfg = Release|Any CPU
		{DF0F28B4-EBB9-4FB5-AB4F-0957F4B5F43E}.Release|Any CPU.Build.0 = Release|Any CPU
	EndGlobalSection
	GlobalSection(SolutionProperties) = preSolution
		HideSolutionNode = FALSE
	EndGlobalSection
	GlobalSection(ExtensibilityGlobals) = postSolution
		SolutionGuid = {E7792E49-32DC-470D-9410-B205BEDD8C0A}
	EndGlobalSection
EndGlobal
