
Microsoft Visual Studio Solution File, Format Version 12.00
# Visual Studio Version 16
VisualStudioVersion = 16.0.30611.23
MinimumVisualStudioVersion = 10.0.40219.1
Project("{FAE04EC0-301F-11D3-BF4B-00C04F79EFBC}") = "BreakContinue1", "BreakContinue1\BreakContinue1.csproj", "{7DED0E6A-6385-402B-A1C8-C1A0485BC262}"
EndProject
Global
	GlobalSection(SolutionConfigurationPlatforms) = preSolution
		Debug|Any CPU = Debug|Any CPU
		Release|Any CPU = Release|Any CPU
	EndGlobalSection
	GlobalSection(ProjectConfigurationPlatforms) = postSolution
		{7DED0E6A-6385-402B-A1C8-C1A0485BC262}.Debug|Any CPU.ActiveCfg = Debug|Any CPU
		{7DED0E6A-6385-402B-A1C8-C1A0485BC262}.Debug|Any CPU.Build.0 = Debug|Any CPU
		{7DED0E6A-6385-402B-A1C8-C1A0485BC262}.Release|Any CPU.ActiveCfg = Release|Any CPU
		{7DED0E6A-6385-402B-A1C8-C1A0485BC262}.Release|Any CPU.Build.0 = Release|Any CPU
	EndGlobalSection
	GlobalSection(SolutionProperties) = preSolution
		HideSolutionNode = FALSE
	EndGlobalSection
	GlobalSection(ExtensibilityGlobals) = postSolution
		SolutionGuid = {77700DB1-CA3D-4A19-83FE-27F11AAB9FF4}
	EndGlobalSection
EndGlobal
