
Microsoft Visual Studio Solution File, Format Version 12.00
# Visual Studio Version 16
VisualStudioVersion = 16.0.30717.126
MinimumVisualStudioVersion = 10.0.40219.1
Project("{9A19103F-16F7-4668-BE54-9A1E7A4F7556}") = "SolutionProject2", "SolutionProject2\SolutionProject2.csproj", "{A965A93C-435A-495A-8381-9B5F5C4EB2A5}"
EndProject
Project("{FAE04EC0-301F-11D3-BF4B-00C04F79EFBC}") = "NewProjectOne", "NewProjectOne\NewProjectOne.csproj", "{5507BDDF-DFEF-47FD-AFC8-7ABAE5BC84D3}"
EndProject
Project("{FAE04EC0-301F-11D3-BF4B-00C04F79EFBC}") = "NewProjectTwo", "NewProjectTwo\NewProjectTwo.csproj", "{1CDDD3FF-A2E8-4D08-99A1-E69BF20AA14B}"
EndProject
Global
	GlobalSection(SolutionConfigurationPlatforms) = preSolution
		Debug|Any CPU = Debug|Any CPU
		Release|Any CPU = Release|Any CPU
	EndGlobalSection
	GlobalSection(ProjectConfigurationPlatforms) = postSolution
		{A965A93C-435A-495A-8381-9B5F5C4EB2A5}.Debug|Any CPU.ActiveCfg = Debug|Any CPU
		{A965A93C-435A-495A-8381-9B5F5C4EB2A5}.Debug|Any CPU.Build.0 = Debug|Any CPU
		{A965A93C-435A-495A-8381-9B5F5C4EB2A5}.Release|Any CPU.ActiveCfg = Release|Any CPU
		{A965A93C-435A-495A-8381-9B5F5C4EB2A5}.Release|Any CPU.Build.0 = Release|Any CPU
		{5507BDDF-DFEF-47FD-AFC8-7ABAE5BC84D3}.Debug|Any CPU.ActiveCfg = Debug|Any CPU
		{5507BDDF-DFEF-47FD-AFC8-7ABAE5BC84D3}.Debug|Any CPU.Build.0 = Debug|Any CPU
		{5507BDDF-DFEF-47FD-AFC8-7ABAE5BC84D3}.Release|Any CPU.ActiveCfg = Release|Any CPU
		{5507BDDF-DFEF-47FD-AFC8-7ABAE5BC84D3}.Release|Any CPU.Build.0 = Release|Any CPU
		{1CDDD3FF-A2E8-4D08-99A1-E69BF20AA14B}.Debug|Any CPU.ActiveCfg = Debug|Any CPU
		{1CDDD3FF-A2E8-4D08-99A1-E69BF20AA14B}.Debug|Any CPU.Build.0 = Debug|Any CPU
		{1CDDD3FF-A2E8-4D08-99A1-E69BF20AA14B}.Release|Any CPU.ActiveCfg = Release|Any CPU
		{1CDDD3FF-A2E8-4D08-99A1-E69BF20AA14B}.Release|Any CPU.Build.0 = Release|Any CPU
	EndGlobalSection
	GlobalSection(SolutionProperties) = preSolution
		HideSolutionNode = FALSE
	EndGlobalSection
	GlobalSection(ExtensibilityGlobals) = postSolution
		SolutionGuid = {BF73A280-D223-4E42-8EB6-4A03247131EE}
	EndGlobalSection
EndGlobal
