
Microsoft Visual Studio Solution File, Format Version 12.00
# Visual Studio Version 16
VisualStudioVersion = 16.0.30523.141
MinimumVisualStudioVersion = 10.0.40219.1
Project("{FAE04EC0-301F-11D3-BF4B-00C04F79EFBC}") = "Method1", "Method1\Method1.csproj", "{0067344F-F4DD-42C6-8CB8-5ACBC3EE4FD0}"
EndProject
Global
	GlobalSection(SolutionConfigurationPlatforms) = preSolution
		Debug|Any CPU = Debug|Any CPU
		Release|Any CPU = Release|Any CPU
	EndGlobalSection
	GlobalSection(ProjectConfigurationPlatforms) = postSolution
		{0067344F-F4DD-42C6-8CB8-5ACBC3EE4FD0}.Debug|Any CPU.ActiveCfg = Debug|Any CPU
		{0067344F-F4DD-42C6-8CB8-5ACBC3EE4FD0}.Debug|Any CPU.Build.0 = Debug|Any CPU
		{0067344F-F4DD-42C6-8CB8-5ACBC3EE4FD0}.Release|Any CPU.ActiveCfg = Release|Any CPU
		{0067344F-F4DD-42C6-8CB8-5ACBC3EE4FD0}.Release|Any CPU.Build.0 = Release|Any CPU
	EndGlobalSection
	GlobalSection(SolutionProperties) = preSolution
		HideSolutionNode = FALSE
	EndGlobalSection
	GlobalSection(ExtensibilityGlobals) = postSolution
		SolutionGuid = {6804DF5E-B04B-4469-A824-0D6FB6C763DC}
	EndGlobalSection
EndGlobal
