
Microsoft Visual Studio Solution File, Format Version 12.00
# Visual Studio Version 16
VisualStudioVersion = 16.0.30611.23
MinimumVisualStudioVersion = 10.0.40219.1
Project("{FAE04EC0-301F-11D3-BF4B-00C04F79EFBC}") = "Object6", "Object6\Object6.csproj", "{EA7FB228-A550-459E-91C0-EF5EF9CD166E}"
EndProject
Global
	GlobalSection(SolutionConfigurationPlatforms) = preSolution
		Debug|Any CPU = Debug|Any CPU
		Release|Any CPU = Release|Any CPU
	EndGlobalSection
	GlobalSection(ProjectConfigurationPlatforms) = postSolution
		{EA7FB228-A550-459E-91C0-EF5EF9CD166E}.Debug|Any CPU.ActiveCfg = Debug|Any CPU
		{EA7FB228-A550-459E-91C0-EF5EF9CD166E}.Debug|Any CPU.Build.0 = Debug|Any CPU
		{EA7FB228-A550-459E-91C0-EF5EF9CD166E}.Release|Any CPU.ActiveCfg = Release|Any CPU
		{EA7FB228-A550-459E-91C0-EF5EF9CD166E}.Release|Any CPU.Build.0 = Release|Any CPU
	EndGlobalSection
	GlobalSection(SolutionProperties) = preSolution
		HideSolutionNode = FALSE
	EndGlobalSection
	GlobalSection(ExtensibilityGlobals) = postSolution
		SolutionGuid = {251C3E11-43A3-4953-B024-E8B4FAB7F978}
	EndGlobalSection
EndGlobal
