
Microsoft Visual Studio Solution File, Format Version 12.00
# Visual Studio Version 16
VisualStudioVersion = 16.0.30611.23
MinimumVisualStudioVersion = 10.0.40219.1
Project("{FAE04EC0-301F-11D3-BF4B-00C04F79EFBC}") = "this2", "this2\this2.csproj", "{9D44658C-CCF3-43EA-B6A3-E250EF81CF8C}"
EndProject
Global
	GlobalSection(SolutionConfigurationPlatforms) = preSolution
		Debug|Any CPU = Debug|Any CPU
		Release|Any CPU = Release|Any CPU
	EndGlobalSection
	GlobalSection(ProjectConfigurationPlatforms) = postSolution
		{9D44658C-CCF3-43EA-B6A3-E250EF81CF8C}.Debug|Any CPU.ActiveCfg = Debug|Any CPU
		{9D44658C-CCF3-43EA-B6A3-E250EF81CF8C}.Debug|Any CPU.Build.0 = Debug|Any CPU
		{9D44658C-CCF3-43EA-B6A3-E250EF81CF8C}.Release|Any CPU.ActiveCfg = Release|Any CPU
		{9D44658C-CCF3-43EA-B6A3-E250EF81CF8C}.Release|Any CPU.Build.0 = Release|Any CPU
	EndGlobalSection
	GlobalSection(SolutionProperties) = preSolution
		HideSolutionNode = FALSE
	EndGlobalSection
	GlobalSection(ExtensibilityGlobals) = postSolution
		SolutionGuid = {5B4EC342-9F85-4830-8D02-A26D7DE2C786}
	EndGlobalSection
EndGlobal
