
Microsoft Visual Studio Solution File, Format Version 12.00
# Visual Studio Version 16
VisualStudioVersion = 16.0.30611.23
MinimumVisualStudioVersion = 10.0.40219.1
Project("{FAE04EC0-301F-11D3-BF4B-00C04F79EFBC}") = "Validation2", "Validation2\Validation2.csproj", "{683D8007-F5F7-46DB-8703-37F02DAF50EE}"
EndProject
Global
	GlobalSection(SolutionConfigurationPlatforms) = preSolution
		Debug|Any CPU = Debug|Any CPU
		Release|Any CPU = Release|Any CPU
	EndGlobalSection
	GlobalSection(ProjectConfigurationPlatforms) = postSolution
		{683D8007-F5F7-46DB-8703-37F02DAF50EE}.Debug|Any CPU.ActiveCfg = Debug|Any CPU
		{683D8007-F5F7-46DB-8703-37F02DAF50EE}.Debug|Any CPU.Build.0 = Debug|Any CPU
		{683D8007-F5F7-46DB-8703-37F02DAF50EE}.Release|Any CPU.ActiveCfg = Release|Any CPU
		{683D8007-F5F7-46DB-8703-37F02DAF50EE}.Release|Any CPU.Build.0 = Release|Any CPU
	EndGlobalSection
	GlobalSection(SolutionProperties) = preSolution
		HideSolutionNode = FALSE
	EndGlobalSection
	GlobalSection(ExtensibilityGlobals) = postSolution
		SolutionGuid = {8FCBEC54-BB46-4FE3-AAF8-62B8ED88764E}
	EndGlobalSection
EndGlobal
