
Microsoft Visual Studio Solution File, Format Version 12.00
# Visual Studio Version 16
VisualStudioVersion = 16.0.30611.23
MinimumVisualStudioVersion = 10.0.40219.1
Project("{FAE04EC0-301F-11D3-BF4B-00C04F79EFBC}") = "ParseTryParse1", "ParseTryParse1\ParseTryParse1.csproj", "{242A0C53-3306-4AAB-BF2D-C58C0868011A}"
EndProject
Global
	GlobalSection(SolutionConfigurationPlatforms) = preSolution
		Debug|Any CPU = Debug|Any CPU
		Release|Any CPU = Release|Any CPU
	EndGlobalSection
	GlobalSection(ProjectConfigurationPlatforms) = postSolution
		{242A0C53-3306-4AAB-BF2D-C58C0868011A}.Debug|Any CPU.ActiveCfg = Debug|Any CPU
		{242A0C53-3306-4AAB-BF2D-C58C0868011A}.Debug|Any CPU.Build.0 = Debug|Any CPU
		{242A0C53-3306-4AAB-BF2D-C58C0868011A}.Release|Any CPU.ActiveCfg = Release|Any CPU
		{242A0C53-3306-4AAB-BF2D-C58C0868011A}.Release|Any CPU.Build.0 = Release|Any CPU
	EndGlobalSection
	GlobalSection(SolutionProperties) = preSolution
		HideSolutionNode = FALSE
	EndGlobalSection
	GlobalSection(ExtensibilityGlobals) = postSolution
		SolutionGuid = {FE212248-5D09-44FC-9713-041E00DB517E}
	EndGlobalSection
EndGlobal
