
Microsoft Visual Studio Solution File, Format Version 12.00
# Visual Studio Version 16
VisualStudioVersion = 16.0.30611.23
MinimumVisualStudioVersion = 10.0.40219.1
Project("{FAE04EC0-301F-11D3-BF4B-00C04F79EFBC}") = "StringFormat1", "StringFormat1\StringFormat1.csproj", "{40E954AB-6A6E-468A-B44C-841883EBC48F}"
EndProject
Global
	GlobalSection(SolutionConfigurationPlatforms) = preSolution
		Debug|Any CPU = Debug|Any CPU
		Release|Any CPU = Release|Any CPU
	EndGlobalSection
	GlobalSection(ProjectConfigurationPlatforms) = postSolution
		{40E954AB-6A6E-468A-B44C-841883EBC48F}.Debug|Any CPU.ActiveCfg = Debug|Any CPU
		{40E954AB-6A6E-468A-B44C-841883EBC48F}.Debug|Any CPU.Build.0 = Debug|Any CPU
		{40E954AB-6A6E-468A-B44C-841883EBC48F}.Release|Any CPU.ActiveCfg = Release|Any CPU
		{40E954AB-6A6E-468A-B44C-841883EBC48F}.Release|Any CPU.Build.0 = Release|Any CPU
	EndGlobalSection
	GlobalSection(SolutionProperties) = preSolution
		HideSolutionNode = FALSE
	EndGlobalSection
	GlobalSection(ExtensibilityGlobals) = postSolution
		SolutionGuid = {582183D4-64BA-4747-AA31-181F67B79379}
	EndGlobalSection
EndGlobal
