
Microsoft Visual Studio Solution File, Format Version 12.00
# Visual Studio Version 16
VisualStudioVersion = 16.0.30611.23
MinimumVisualStudioVersion = 10.0.40219.1
Project("{FAE04EC0-301F-11D3-BF4B-00C04F79EFBC}") = "ConsoleApplicationStandalone1", "ConsoleApplicationStandalone1\ConsoleApplicationStandalone1.csproj", "{21093BBE-C39C-4E75-A777-C32BC71E829C}"
EndProject
Global
	GlobalSection(SolutionConfigurationPlatforms) = preSolution
		Debug|Any CPU = Debug|Any CPU
		Release|Any CPU = Release|Any CPU
	EndGlobalSection
	GlobalSection(ProjectConfigurationPlatforms) = postSolution
		{21093BBE-C39C-4E75-A777-C32BC71E829C}.Debug|Any CPU.ActiveCfg = Debug|Any CPU
		{21093BBE-C39C-4E75-A777-C32BC71E829C}.Debug|Any CPU.Build.0 = Debug|Any CPU
		{21093BBE-C39C-4E75-A777-C32BC71E829C}.Release|Any CPU.ActiveCfg = Release|Any CPU
		{21093BBE-C39C-4E75-A777-C32BC71E829C}.Release|Any CPU.Build.0 = Release|Any CPU
	EndGlobalSection
	GlobalSection(SolutionProperties) = preSolution
		HideSolutionNode = FALSE
	EndGlobalSection
	GlobalSection(ExtensibilityGlobals) = postSolution
		SolutionGuid = {34C156E1-5899-4D27-938B-146CF5D0771D}
	EndGlobalSection
EndGlobal
