
Microsoft Visual Studio Solution File, Format Version 12.00
# Visual Studio Version 16
VisualStudioVersion = 16.0.30611.23
MinimumVisualStudioVersion = 10.0.40219.1
Project("{FAE04EC0-301F-11D3-BF4B-00C04F79EFBC}") = "Polymorphism3", "Polymorphism3\Polymorphism3.csproj", "{783A629D-0EF3-4421-84F8-CBCA2B428024}"
EndProject
Global
	GlobalSection(SolutionConfigurationPlatforms) = preSolution
		Debug|Any CPU = Debug|Any CPU
		Release|Any CPU = Release|Any CPU
	EndGlobalSection
	GlobalSection(ProjectConfigurationPlatforms) = postSolution
		{783A629D-0EF3-4421-84F8-CBCA2B428024}.Debug|Any CPU.ActiveCfg = Debug|Any CPU
		{783A629D-0EF3-4421-84F8-CBCA2B428024}.Debug|Any CPU.Build.0 = Debug|Any CPU
		{783A629D-0EF3-4421-84F8-CBCA2B428024}.Release|Any CPU.ActiveCfg = Release|Any CPU
		{783A629D-0EF3-4421-84F8-CBCA2B428024}.Release|Any CPU.Build.0 = Release|Any CPU
	EndGlobalSection
	GlobalSection(SolutionProperties) = preSolution
		HideSolutionNode = FALSE
	EndGlobalSection
	GlobalSection(ExtensibilityGlobals) = postSolution
		SolutionGuid = {FC9B065A-CC76-42EF-8A51-1F86F1763E3F}
	EndGlobalSection
EndGlobal
