
Microsoft Visual Studio Solution File, Format Version 12.00
# Visual Studio Version 16
VisualStudioVersion = 16.0.30611.23
MinimumVisualStudioVersion = 10.0.40219.1
Project("{FAE04EC0-301F-11D3-BF4B-00C04F79EFBC}") = "Object3", "Object3\Object3.csproj", "{00220A9F-4E48-402C-841A-5003691B94DE}"
EndProject
Global
	GlobalSection(SolutionConfigurationPlatforms) = preSolution
		Debug|Any CPU = Debug|Any CPU
		Release|Any CPU = Release|Any CPU
	EndGlobalSection
	GlobalSection(ProjectConfigurationPlatforms) = postSolution
		{00220A9F-4E48-402C-841A-5003691B94DE}.Debug|Any CPU.ActiveCfg = Debug|Any CPU
		{00220A9F-4E48-402C-841A-5003691B94DE}.Debug|Any CPU.Build.0 = Debug|Any CPU
		{00220A9F-4E48-402C-841A-5003691B94DE}.Release|Any CPU.ActiveCfg = Release|Any CPU
		{00220A9F-4E48-402C-841A-5003691B94DE}.Release|Any CPU.Build.0 = Release|Any CPU
	EndGlobalSection
	GlobalSection(SolutionProperties) = preSolution
		HideSolutionNode = FALSE
	EndGlobalSection
	GlobalSection(ExtensibilityGlobals) = postSolution
		SolutionGuid = {E75EDD86-6DCB-44F4-B39E-700732DC6375}
	EndGlobalSection
EndGlobal
