
Microsoft Visual Studio Solution File, Format Version 12.00
# Visual Studio Version 16
VisualStudioVersion = 16.0.30523.141
MinimumVisualStudioVersion = 10.0.40219.1
Project("{FAE04EC0-301F-11D3-BF4B-00C04F79EFBC}") = "MultiDimensionalArray1", "MultiDimensionalArray1\MultiDimensionalArray1.csproj", "{087254CC-6600-4EEE-9C09-445D7239A327}"
EndProject
Global
	GlobalSection(SolutionConfigurationPlatforms) = preSolution
		Debug|Any CPU = Debug|Any CPU
		Release|Any CPU = Release|Any CPU
	EndGlobalSection
	GlobalSection(ProjectConfigurationPlatforms) = postSolution
		{087254CC-6600-4EEE-9C09-445D7239A327}.Debug|Any CPU.ActiveCfg = Debug|Any CPU
		{087254CC-6600-4EEE-9C09-445D7239A327}.Debug|Any CPU.Build.0 = Debug|Any CPU
		{087254CC-6600-4EEE-9C09-445D7239A327}.Release|Any CPU.ActiveCfg = Release|Any CPU
		{087254CC-6600-4EEE-9C09-445D7239A327}.Release|Any CPU.Build.0 = Release|Any CPU
	EndGlobalSection
	GlobalSection(SolutionProperties) = preSolution
		HideSolutionNode = FALSE
	EndGlobalSection
	GlobalSection(ExtensibilityGlobals) = postSolution
		SolutionGuid = {8834507C-0E4C-4619-91E2-A0C3A9856318}
	EndGlobalSection
EndGlobal
