
Microsoft Visual Studio Solution File, Format Version 12.00
# Visual Studio Version 16
VisualStudioVersion = 16.0.30523.141
MinimumVisualStudioVersion = 10.0.40219.1
Project("{FAE04EC0-301F-11D3-BF4B-00C04F79EFBC}") = "MultidimensionalArray1", "MultidimensionalArray1\MultidimensionalArray1.csproj", "{B3572D54-2C46-486F-ACEC-4A7484FD1C17}"
EndProject
Global
	GlobalSection(SolutionConfigurationPlatforms) = preSolution
		Debug|Any CPU = Debug|Any CPU
		Release|Any CPU = Release|Any CPU
	EndGlobalSection
	GlobalSection(ProjectConfigurationPlatforms) = postSolution
		{B3572D54-2C46-486F-ACEC-4A7484FD1C17}.Debug|Any CPU.ActiveCfg = Debug|Any CPU
		{B3572D54-2C46-486F-ACEC-4A7484FD1C17}.Debug|Any CPU.Build.0 = Debug|Any CPU
		{B3572D54-2C46-486F-ACEC-4A7484FD1C17}.Release|Any CPU.ActiveCfg = Release|Any CPU
		{B3572D54-2C46-486F-ACEC-4A7484FD1C17}.Release|Any CPU.Build.0 = Release|Any CPU
	EndGlobalSection
	GlobalSection(SolutionProperties) = preSolution
		HideSolutionNode = FALSE
	EndGlobalSection
	GlobalSection(ExtensibilityGlobals) = postSolution
		SolutionGuid = {401AD2C0-4A7F-481A-8A13-F0D82D11F36E}
	EndGlobalSection
EndGlobal
